
Microsoft Visual Studio Solution File, Format Version 12.00
# Visual Studio 14
VisualStudioVersion = 14.0.25420.1
MinimumVisualStudioVersion = 10.0.40219.1
Project("{FAE04EC0-301F-11D3-BF4B-00C04F79EFBC}") = "WW.WPF.VirtualKeyboard", "WW.WPF.VirtualKeyboard\WW.WPF.VirtualKeyboard.csproj", "{CCC5D0D5-B06E-4E46-84D9-3E9B8D430A75}"
EndProject
Project("{FAE04EC0-301F-11D3-BF4B-00C04F79EFBC}") = "WindowsInputSimulator", "WindowsInputSimulator\WindowsInputSimulator.csproj", "{96754422-2EA5-42EB-B6B8-33B8CF34E619}"
EndProject
Project("{FAE04EC0-301F-11D3-BF4B-00C04F79EFBC}") = "ManagedNativeWrapper", "ManagedNativeWrapper\ManagedNativeWrapper.csproj", "{7ECFBD9A-D306-44F6-84A4-219338788134}"
EndProject
Global
	GlobalSection(SolutionConfigurationPlatforms) = preSolution
		Debug|Any CPU = Debug|Any CPU
		Debug|x64 = Debug|x64
		Debug|x86 = Debug|x86
		Release|Any CPU = Release|Any CPU
		Release|x64 = Release|x64
		Release|x86 = Release|x86
	EndGlobalSection
	GlobalSection(ProjectConfigurationPlatforms) = postSolution
		{CCC5D0D5-B06E-4E46-84D9-3E9B8D430A75}.Debug|Any CPU.ActiveCfg = Debug|Any CPU
		{CCC5D0D5-B06E-4E46-84D9-3E9B8D430A75}.Debug|Any CPU.Build.0 = Debug|Any CPU
		{CCC5D0D5-B06E-4E46-84D9-3E9B8D430A75}.Debug|x64.ActiveCfg = Debug|Any CPU
		{CCC5D0D5-B06E-4E46-84D9-3E9B8D430A75}.Debug|x64.Build.0 = Debug|Any CPU
		{CCC5D0D5-B06E-4E46-84D9-3E9B8D430A75}.Debug|x86.ActiveCfg = Debug|x86
		{CCC5D0D5-B06E-4E46-84D9-3E9B8D430A75}.Debug|x86.Build.0 = Debug|x86
		{CCC5D0D5-B06E-4E46-84D9-3E9B8D430A75}.Release|Any CPU.ActiveCfg = Release|Any CPU
		{CCC5D0D5-B06E-4E46-84D9-3E9B8D430A75}.Release|Any CPU.Build.0 = Release|Any CPU
		{CCC5D0D5-B06E-4E46-84D9-3E9B8D430A75}.Release|x64.ActiveCfg = Release|Any CPU
		{CCC5D0D5-B06E-4E46-84D9-3E9B8D430A75}.Release|x64.Build.0 = Release|Any CPU
		{CCC5D0D5-B06E-4E46-84D9-3E9B8D430A75}.Release|x86.ActiveCfg = Release|x86
		{CCC5D0D5-B06E-4E46-84D9-3E9B8D430A75}.Release|x86.Build.0 = Release|x86
		{96754422-2EA5-42EB-B6B8-33B8CF34E619}.Debug|Any CPU.ActiveCfg = Debug|Any CPU
		{96754422-2EA5-42EB-B6B8-33B8CF34E619}.Debug|Any CPU.Build.0 = Debug|Any CPU
		{96754422-2EA5-42EB-B6B8-33B8CF34E619}.Debug|x64.ActiveCfg = Debug|Any CPU
		{96754422-2EA5-42EB-B6B8-33B8CF34E619}.Debug|x64.Build.0 = Debug|Any CPU
		{96754422-2EA5-42EB-B6B8-33B8CF34E619}.Debug|x86.ActiveCfg = Debug|x86
		{96754422-2EA5-42EB-B6B8-33B8CF34E619}.Debug|x86.Build.0 = Debug|x86
		{96754422-2EA5-42EB-B6B8-33B8CF34E619}.Release|Any CPU.ActiveCfg = Release|Any CPU
		{96754422-2EA5-42EB-B6B8-33B8CF34E619}.Release|Any CPU.Build.0 = Release|Any CPU
		{96754422-2EA5-42EB-B6B8-33B8CF34E619}.Release|x64.ActiveCfg = Release|Any CPU
		{96754422-2EA5-42EB-B6B8-33B8CF34E619}.Release|x64.Build.0 = Release|Any CPU
		{96754422-2EA5-42EB-B6B8-33B8CF34E619}.Release|x86.ActiveCfg = Release|x86
		{96754422-2EA5-42EB-B6B8-33B8CF34E619}.Release|x86.Build.0 = Release|x86
		{7ECFBD9A-D306-44F6-84A4-219338788134}.Debug|Any CPU.ActiveCfg = Debug|Any CPU
		{7ECFBD9A-D306-44F6-84A4-219338788134}.Debug|Any CPU.Build.0 = Debug|Any CPU
		{7ECFBD9A-D306-44F6-84A4-219338788134}.Debug|x64.ActiveCfg = Debug|Any CPU
		{7ECFBD9A-D306-44F6-84A4-219338788134}.Debug|x64.Build.0 = Debug|Any CPU
		{7ECFBD9A-D306-44F6-84A4-219338788134}.Debug|x86.ActiveCfg = Debug|Any CPU
		{7ECFBD9A-D306-44F6-84A4-219338788134}.Debug|x86.Build.0 = Debug|Any CPU
		{7ECFBD9A-D306-44F6-84A4-219338788134}.Release|Any CPU.ActiveCfg = Release|Any CPU
		{7ECFBD9A-D306-44F6-84A4-219338788134}.Release|Any CPU.Build.0 = Release|Any CPU
		{7ECFBD9A-D306-44F6-84A4-219338788134}.Release|x64.ActiveCfg = Release|Any CPU
		{7ECFBD9A-D306-44F6-84A4-219338788134}.Release|x64.Build.0 = Release|Any CPU
		{7ECFBD9A-D306-44F6-84A4-219338788134}.Release|x86.ActiveCfg = Release|Any CPU
		{7ECFBD9A-D306-44F6-84A4-219338788134}.Release|x86.Build.0 = Release|Any CPU
	EndGlobalSection
	GlobalSection(SolutionProperties) = preSolution
		HideSolutionNode = FALSE
	EndGlobalSection
EndGlobal
